
Microsoft Visual Studio Solution File, Format Version 12.00
# Visual Studio Version 18
VisualStudioVersion = 18.1.11304.174 d18.0
MinimumVisualStudioVersion = 10.0.40219.1
Project("{FAE04EC0-301F-11D3-BF4B-00C04F79EFBC}") = "EasyAdds", "EasyAdds.csproj", "{92ECD6D4-6CA5-44F4-9808-BD4038B7ABFB}"
EndProject
Project("{FAE04EC0-301F-11D3-BF4B-00C04F79EFBC}") = "TestProjectRefactor", "..\TestProjectRefactor\TestProjectRefactor.csproj", "{C2390775-D962-440D-4E9F-4B7425BC4069}"
EndProject
Global
	GlobalSection(SolutionConfigurationPlatforms) = preSolution
		Debug|Any CPU = Debug|Any CPU
		Release|Any CPU = Release|Any CPU
	EndGlobalSection
	GlobalSection(ProjectConfigurationPlatforms) = postSolution
		{92ECD6D4-6CA5-44F4-9808-BD4038B7ABFB}.Debug|Any CPU.ActiveCfg = Debug|Any CPU
		{92ECD6D4-6CA5-44F4-9808-BD4038B7ABFB}.Debug|Any CPU.Build.0 = Debug|Any CPU
		{92ECD6D4-6CA5-44F4-9808-BD4038B7ABFB}.Release|Any CPU.ActiveCfg = Release|Any CPU
		{92ECD6D4-6CA5-44F4-9808-BD4038B7ABFB}.Release|Any CPU.Build.0 = Release|Any CPU
		{C2390775-D962-440D-4E9F-4B7425BC4069}.Debug|Any CPU.ActiveCfg = Debug|Any CPU
		{C2390775-D962-440D-4E9F-4B7425BC4069}.Debug|Any CPU.Build.0 = Debug|Any CPU
		{C2390775-D962-440D-4E9F-4B7425BC4069}.Release|Any CPU.ActiveCfg = Release|Any CPU
		{C2390775-D962-440D-4E9F-4B7425BC4069}.Release|Any CPU.Build.0 = Release|Any CPU
	EndGlobalSection
	GlobalSection(SolutionProperties) = preSolution
		HideSolutionNode = FALSE
	EndGlobalSection
	GlobalSection(ExtensibilityGlobals) = postSolution
		SolutionGuid = {F55786C8-CD18-44C0-AC4C-3E5961CFF5EE}
	EndGlobalSection
EndGlobal
